// !$*UTF8*$!
{
	archiveVersion = 1;
	classes = {
	};
	objectVersion = 56;
	objects = {

/* Begin PBXBuildFile section */
		43859C1329C9F390009BB939 /* SettingsView.swift in Sources */ = {isa = PBXBuildFile; fileRef = 43859C1229C9F390009BB939 /* SettingsView.swift */; };
		43AF0A5229C909520032A3F0 /* SkywireApp.swift in Sources */ = {isa = PBXBuildFile; fileRef = 43AF0A5129C909520032A3F0 /* SkywireApp.swift */; };
		43AF0A5429C909520032A3F0 /* ContentView.swift in Sources */ = {isa = PBXBuildFile; fileRef = 43AF0A5329C909520032A3F0 /* ContentView.swift */; };
		43AF0A5629C909540032A3F0 /* Assets.xcassets in Resources */ = {isa = PBXBuildFile; fileRef = 43AF0A5529C909540032A3F0 /* Assets.xcassets */; };
		43AF0A5929C909540032A3F0 /* Preview Assets.xcassets in Resources */ = {isa = PBXBuildFile; fileRef = 43AF0A5829C909540032A3F0 /* Preview Assets.xcassets */; };
		43AF0A6329C909540032A3F0 /* SkywireTests.swift in Sources */ = {isa = PBXBuildFile; fileRef = 43AF0A6229C909540032A3F0 /* SkywireTests.swift */; };
		43AF0A6D29C909540032A3F0 /* SkywireUITests.swift in Sources */ = {isa = PBXBuildFile; fileRef = 43AF0A6C29C909540032A3F0 /* SkywireUITests.swift */; };
		43AF0A6F29C909540032A3F0 /* SkywireUITestsLaunchTests.swift in Sources */ = {isa = PBXBuildFile; fileRef = 43AF0A6E29C909540032A3F0 /* SkywireUITestsLaunchTests.swift */; };
		43AF0A7D29C90A930032A3F0 /* CoreLocation.framework in Frameworks */ = {isa = PBXBuildFile; fileRef = 43AF0A7C29C90A930032A3F0 /* CoreLocation.framework */; };
		43AF0A7E29C90AD40032A3F0 /* CoreLocation.framework in Frameworks */ = {isa = PBXBuildFile; fileRef = 43AF0A7C29C90A930032A3F0 /* CoreLocation.framework */; };
		43AF0A7F29C90AD50032A3F0 /* CoreLocation.framework in Frameworks */ = {isa = PBXBuildFile; fileRef = 43AF0A7C29C90A930032A3F0 /* CoreLocation.framework */; };
		43AF0A8829C9B1520032A3F0 /* RecordedFilesview.swift in Sources */ = {isa = PBXBuildFile; fileRef = 43AF0A8729C9B1520032A3F0 /* RecordedFilesview.swift */; };
		43AF0A8A29C9B1F40032A3F0 /* MainTabView.swift in Sources */ = {isa = PBXBuildFile; fileRef = 43AF0A8929C9B1F40032A3F0 /* MainTabView.swift */; };
		43AF0A8C29C9B32D0032A3F0 /* ActivityView.swift in Sources */ = {isa = PBXBuildFile; fileRef = 43AF0A8B29C9B32D0032A3F0 /* ActivityView.swift */; };
/* End PBXBuildFile section */

/* Begin PBXContainerItemProxy section */
		43AF0A5F29C909540032A3F0 /* PBXContainerItemProxy */ = {
			isa = PBXContainerItemProxy;
			containerPortal = 43AF0A4629C909520032A3F0 /* Project object */;
			proxyType = 1;
			remoteGlobalIDString = 43AF0A4D29C909520032A3F0;
			remoteInfo = Skywire;
		};
		43AF0A6929C909540032A3F0 /* PBXContainerItemProxy */ = {
			isa = PBXContainerItemProxy;
			containerPortal = 43AF0A4629C909520032A3F0 /* Project object */;
			proxyType = 1;
			remoteGlobalIDString = 43AF0A4D29C909520032A3F0;
			remoteInfo = Skywire;
		};
/* End PBXContainerItemProxy section */

/* Begin PBXFileReference section */
		43859C1229C9F390009BB939 /* SettingsView.swift */ = {isa = PBXFileReference; lastKnownFileType = sourcecode.swift; path = SettingsView.swift; sourceTree = "<group>"; };
		43AF0A4E29C909520032A3F0 /* Skywire.app */ = {isa = PBXFileReference; explicitFileType = wrapper.application; includeInIndex = 0; path = Skywire.app; sourceTree = BUILT_PRODUCTS_DIR; };
		43AF0A5129C909520032A3F0 /* SkywireApp.swift */ = {isa = PBXFileReference; lastKnownFileType = sourcecode.swift; path = SkywireApp.swift; sourceTree = "<group>"; };
		43AF0A5329C909520032A3F0 /* ContentView.swift */ = {isa = PBXFileReference; lastKnownFileType = sourcecode.swift; path = ContentView.swift; sourceTree = "<group>"; };
		43AF0A5529C909540032A3F0 /* Assets.xcassets */ = {isa = PBXFileReference; lastKnownFileType = folder.assetcatalog; path = Assets.xcassets; sourceTree = "<group>"; };
		43AF0A5829C909540032A3F0 /* Preview Assets.xcassets */ = {isa = PBXFileReference; lastKnownFileType = folder.assetcatalog; path = "Preview Assets.xcassets"; sourceTree = "<group>"; };
		43AF0A5E29C909540032A3F0 /* SkywireTests.xctest */ = {isa = PBXFileReference; explicitFileType = wrapper.cfbundle; includeInIndex = 0; path = SkywireTests.xctest; sourceTree = BUILT_PRODUCTS_DIR; };
		43AF0A6229C909540032A3F0 /* SkywireTests.swift */ = {isa = PBXFileReference; lastKnownFileType = sourcecode.swift; path = SkywireTests.swift; sourceTree = "<group>"; };
		43AF0A6829C909540032A3F0 /* SkywireUITests.xctest */ = {isa = PBXFileReference; explicitFileType = wrapper.cfbundle; includeInIndex = 0; path = SkywireUITests.xctest; sourceTree = BUILT_PRODUCTS_DIR; };
		43AF0A6C29C909540032A3F0 /* SkywireUITests.swift */ = {isa = PBXFileReference; lastKnownFileType = sourcecode.swift; path = SkywireUITests.swift; sourceTree = "<group>"; };
		43AF0A6E29C909540032A3F0 /* SkywireUITestsLaunchTests.swift */ = {isa = PBXFileReference; lastKnownFileType = sourcecode.swift; path = SkywireUITestsLaunchTests.swift; sourceTree = "<group>"; };
		43AF0A7C29C90A930032A3F0 /* CoreLocation.framework */ = {isa = PBXFileReference; lastKnownFileType = wrapper.framework; name = CoreLocation.framework; path = System/Library/Frameworks/CoreLocation.framework; sourceTree = SDKROOT; };
		43AF0A8729C9B1520032A3F0 /* RecordedFilesview.swift */ = {isa = PBXFileReference; lastKnownFileType = sourcecode.swift; path = RecordedFilesview.swift; sourceTree = "<group>"; };
		43AF0A8929C9B1F40032A3F0 /* MainTabView.swift */ = {isa = PBXFileReference; lastKnownFileType = sourcecode.swift; path = MainTabView.swift; sourceTree = "<group>"; };
		43AF0A8B29C9B32D0032A3F0 /* ActivityView.swift */ = {isa = PBXFileReference; lastKnownFileType = sourcecode.swift; path = ActivityView.swift; sourceTree = "<group>"; };
/* End PBXFileReference section */

/* Begin PBXFrameworksBuildPhase section */
		43AF0A4B29C909520032A3F0 /* Frameworks */ = {
			isa = PBXFrameworksBuildPhase;
			buildActionMask = 2147483647;
			files = (
				43AF0A7D29C90A930032A3F0 /* CoreLocation.framework in Frameworks */,
			);
			runOnlyForDeploymentPostprocessing = 0;
		};
		43AF0A5B29C909540032A3F0 /* Frameworks */ = {
			isa = PBXFrameworksBuildPhase;
			buildActionMask = 2147483647;
			files = (
				43AF0A7E29C90AD40032A3F0 /* CoreLocation.framework in Frameworks */,
			);
			runOnlyForDeploymentPostprocessing = 0;
		};
		43AF0A6529C909540032A3F0 /* Frameworks */ = {
			isa = PBXFrameworksBuildPhase;
			buildActionMask = 2147483647;
			files = (
				43AF0A7F29C90AD50032A3F0 /* CoreLocation.framework in Frameworks */,
			);
			runOnlyForDeploymentPostprocessing = 0;
		};
/* End PBXFrameworksBuildPhase section */

/* Begin PBXGroup section */
		43AF0A4529C909520032A3F0 = {
			isa = PBXGroup;
			children = (
				43AF0A5029C909520032A3F0 /* Skywire */,
				43AF0A6129C909540032A3F0 /* SkywireTests */,
				43AF0A6B29C909540032A3F0 /* SkywireUITests */,
				43AF0A4F29C909520032A3F0 /* Products */,
				43AF0A7B29C90A930032A3F0 /* Frameworks */,
			);
			sourceTree = "<group>";
		};
		43AF0A4F29C909520032A3F0 /* Products */ = {
			isa = PBXGroup;
			children = (
				43AF0A4E29C909520032A3F0 /* Skywire.app */,
				43AF0A5E29C909540032A3F0 /* SkywireTests.xctest */,
				43AF0A6829C909540032A3F0 /* SkywireUITests.xctest */,
			);
			name = Products;
			sourceTree = "<group>";
		};
		43AF0A5029C909520032A3F0 /* Skywire */ = {
			isa = PBXGroup;
			children = (
				43AF0A5129C909520032A3F0 /* SkywireApp.swift */,
				43AF0A5329C909520032A3F0 /* ContentView.swift */,
				43AF0A5529C909540032A3F0 /* Assets.xcassets */,
				43AF0A5729C909540032A3F0 /* Preview Content */,
				43AF0A8729C9B1520032A3F0 /* RecordedFilesview.swift */,
				43AF0A8929C9B1F40032A3F0 /* MainTabView.swift */,
				43AF0A8B29C9B32D0032A3F0 /* ActivityView.swift */,
				43859C1229C9F390009BB939 /* SettingsView.swift */,
			);
			path = Skywire;
			sourceTree = "<group>";
		};
		43AF0A5729C909540032A3F0 /* Preview Content */ = {
			isa = PBXGroup;
			children = (
				43AF0A5829C909540032A3F0 /* Preview Assets.xcassets */,
			);
			path = "Preview Content";
			sourceTree = "<group>";
		};
		43AF0A6129C909540032A3F0 /* SkywireTests */ = {
			isa = PBXGroup;
			children = (
				43AF0A6229C909540032A3F0 /* SkywireTests.swift */,
			);
			path = SkywireTests;
			sourceTree = "<group>";
		};
		43AF0A6B29C909540032A3F0 /* SkywireUITests */ = {
			isa = PBXGroup;
			children = (
				43AF0A6C29C909540032A3F0 /* SkywireUITests.swift */,
				43AF0A6E29C909540032A3F0 /* SkywireUITestsLaunchTests.swift */,
			);
			path = SkywireUITests;
			sourceTree = "<group>";
		};
		43AF0A7B29C90A930032A3F0 /* Frameworks */ = {
			isa = PBXGroup;
			children = (
				43AF0A7C29C90A930032A3F0 /* CoreLocation.framework */,
			);
			name = Frameworks;
			sourceTree = "<group>";
		};
/* End PBXGroup section */

/* Begin PBXNativeTarget section */
		43AF0A4D29C909520032A3F0 /* Skywire */ = {
			isa = PBXNativeTarget;
			buildConfigurationList = 43AF0A7229C909540032A3F0 /* Build configuration list for PBXNativeTarget "Skywire" */;
			buildPhases = (
				43AF0A4A29C909520032A3F0 /* Sources */,
				43AF0A4B29C909520032A3F0 /* Frameworks */,
				43AF0A4C29C909520032A3F0 /* Resources */,
			);
			buildRules = (
			);
			dependencies = (
			);
			name = Skywire;
			productName = Skywire;
			productReference = 43AF0A4E29C909520032A3F0 /* Skywire.app */;
			productType = "com.apple.product-type.application";
		};
		43AF0A5D29C909540032A3F0 /* SkywireTests */ = {
			isa = PBXNativeTarget;
			buildConfigurationList = 43AF0A7529C909540032A3F0 /* Build configuration list for PBXNativeTarget "SkywireTests" */;
			buildPhases = (
				43AF0A5A29C909540032A3F0 /* Sources */,
				43AF0A5B29C909540032A3F0 /* Frameworks */,
				43AF0A5C29C909540032A3F0 /* Resources */,
			);
			buildRules = (
			);
			dependencies = (
				43AF0A6029C909540032A3F0 /* PBXTargetDependency */,
			);
			name = SkywireTests;
			productName = SkywireTests;
			productReference = 43AF0A5E29C909540032A3F0 /* SkywireTests.xctest */;
			productType = "com.apple.product-type.bundle.unit-test";
		};
		43AF0A6729C909540032A3F0 /* SkywireUITests */ = {
			isa = PBXNativeTarget;
			buildConfigurationList = 43AF0A7829C909540032A3F0 /* Build configuration list for PBXNativeTarget "SkywireUITests" */;
			buildPhases = (
				43AF0A6429C909540032A3F0 /* Sources */,
				43AF0A6529C909540032A3F0 /* Frameworks */,
				43AF0A6629C909540032A3F0 /* Resources */,
			);
			buildRules = (
			);
			dependencies = (
				43AF0A6A29C909540032A3F0 /* PBXTargetDependency */,
			);
			name = SkywireUITests;
			productName = SkywireUITests;
			productReference = 43AF0A6829C909540032A3F0 /* SkywireUITests.xctest */;
			productType = "com.apple.product-type.bundle.ui-testing";
		};
/* End PBXNativeTarget section */

/* Begin PBXProject section */
		43AF0A4629C909520032A3F0 /* Project object */ = {
			isa = PBXProject;
			attributes = {
				BuildIndependentTargetsInParallel = 1;
				LastSwiftUpdateCheck = 1420;
				LastUpgradeCheck = 1420;
				TargetAttributes = {
					43AF0A4D29C909520032A3F0 = {
						CreatedOnToolsVersion = 14.2;
					};
					43AF0A5D29C909540032A3F0 = {
						CreatedOnToolsVersion = 14.2;
						TestTargetID = 43AF0A4D29C909520032A3F0;
					};
					43AF0A6729C909540032A3F0 = {
						CreatedOnToolsVersion = 14.2;
						TestTargetID = 43AF0A4D29C909520032A3F0;
					};
				};
			};
			buildConfigurationList = 43AF0A4929C909520032A3F0 /* Build configuration list for PBXProject "Skywire" */;
			compatibilityVersion = "Xcode 14.0";
			developmentRegion = en;
			hasScannedForEncodings = 0;
			knownRegions = (
				en,
				Base,
			);
			mainGroup = 43AF0A4529C909520032A3F0;
			productRefGroup = 43AF0A4F29C909520032A3F0 /* Products */;
			projectDirPath = "";
			projectRoot = "";
			targets = (
				43AF0A4D29C909520032A3F0 /* Skywire */,
				43AF0A5D29C909540032A3F0 /* SkywireTests */,
				43AF0A6729C909540032A3F0 /* SkywireUITests */,
			);
		};
/* End PBXProject section */

/* Begin PBXResourcesBuildPhase section */
		43AF0A4C29C909520032A3F0 /* Resources */ = {
			isa = PBXResourcesBuildPhase;
			buildActionMask = 2147483647;
			files = (
				43AF0A5929C909540032A3F0 /* Preview Assets.xcassets in Resources */,
				43AF0A5629C909540032A3F0 /* Assets.xcassets in Resources */,
			);
			runOnlyForDeploymentPostprocessing = 0;
		};
		43AF0A5C29C909540032A3F0 /* Resources */ = {
			isa = PBXResourcesBuildPhase;
			buildActionMask = 2147483647;
			files = (
			);
			runOnlyForDeploymentPostprocessing = 0;
		};
		43AF0A6629C909540032A3F0 /* Resources */ = {
			isa = PBXResourcesBuildPhase;
			buildActionMask = 2147483647;
			files = (
			);
			runOnlyForDeploymentPostprocessing = 0;
		};
/* End PBXResourcesBuildPhase section */

/* Begin PBXSourcesBuildPhase section */
		43AF0A4A29C909520032A3F0 /* Sources */ = {
			isa = PBXSourcesBuildPhase;
			buildActionMask = 2147483647;
			files = (
				43AF0A8829C9B1520032A3F0 /* RecordedFilesview.swift in Sources */,
				43AF0A5429C909520032A3F0 /* ContentView.swift in Sources */,
				43AF0A5229C909520032A3F0 /* SkywireApp.swift in Sources */,
				43859C1329C9F390009BB939 /* SettingsView.swift in Sources */,
				43AF0A8C29C9B32D0032A3F0 /* ActivityView.swift in Sources */,
				43AF0A8A29C9B1F40032A3F0 /* MainTabView.swift in Sources */,
			);
			runOnlyForDeploymentPostprocessing = 0;
		};
		43AF0A5A29C909540032A3F0 /* Sources */ = {
			isa = PBXSourcesBuildPhase;
			buildActionMask = 2147483647;
			files = (
				43AF0A6329C909540032A3F0 /* SkywireTests.swift in Sources */,
			);
			runOnlyForDeploymentPostprocessing = 0;
		};
		43AF0A6429C909540032A3F0 /* Sources */ = {
			isa = PBXSourcesBuildPhase;
			buildActionMask = 2147483647;
			files = (
				43AF0A6D29C909540032A3F0 /* SkywireUITests.swift in Sources */,
				43AF0A6F29C909540032A3F0 /* SkywireUITestsLaunchTests.swift in Sources */,
			);
			runOnlyForDeploymentPostprocessing = 0;
		};
/* End PBXSourcesBuildPhase section */

/* Begin PBXTargetDependency section */
		43AF0A6029C909540032A3F0 /* PBXTargetDependency */ = {
			isa = PBXTargetDependency;
			target = 43AF0A4D29C909520032A3F0 /* Skywire */;
			targetProxy = 43AF0A5F29C909540032A3F0 /* PBXContainerItemProxy */;
		};
		43AF0A6A29C909540032A3F0 /* PBXTargetDependency */ = {
			isa = PBXTargetDependency;
			target = 43AF0A4D29C909520032A3F0 /* Skywire */;
			targetProxy = 43AF0A6929C909540032A3F0 /* PBXContainerItemProxy */;
		};
/* End PBXTargetDependency section */

/* Begin XCBuildConfiguration section */
		43AF0A7029C909540032A3F0 /* Debug */ = {
			isa = XCBuildConfiguration;
			buildSettings = {
				ALWAYS_SEARCH_USER_PATHS = NO;
				CLANG_ANALYZER_NONNULL = YES;
				CLANG_ANALYZER_NUMBER_OBJECT_CONVERSION = YES_AGGRESSIVE;
				CLANG_CXX_LANGUAGE_STANDARD = "gnu++20";
				CLANG_ENABLE_MODULES = YES;
				CLANG_ENABLE_OBJC_ARC = YES;
				CLANG_ENABLE_OBJC_WEAK = YES;
				CLANG_WARN_BLOCK_CAPTURE_AUTORELEASING = YES;
				CLANG_WARN_BOOL_CONVERSION = YES;
				CLANG_WARN_COMMA = YES;
				CLANG_WARN_CONSTANT_CONVERSION = YES;
				CLANG_WARN_DEPRECATED_OBJC_IMPLEMENTATIONS = YES;
				CLANG_WARN_DIRECT_OBJC_ISA_USAGE = YES_ERROR;
				CLANG_WARN_DOCUMENTATION_COMMENTS = YES;
				CLANG_WARN_EMPTY_BODY = YES;
				CLANG_WARN_ENUM_CONVERSION = YES;
				CLANG_WARN_INFINITE_RECURSION = YES;
				CLANG_WARN_INT_CONVERSION = YES;
				CLANG_WARN_NON_LITERAL_NULL_CONVERSION = YES;
				CLANG_WARN_OBJC_IMPLICIT_RETAIN_SELF = YES;
				CLANG_WARN_OBJC_LITERAL_CONVERSION = YES;
				CLANG_WARN_OBJC_ROOT_CLASS = YES_ERROR;
				CLANG_WARN_QUOTED_INCLUDE_IN_FRAMEWORK_HEADER = YES;
				CLANG_WARN_RANGE_LOOP_ANALYSIS = YES;
				CLANG_WARN_STRICT_PROTOTYPES = YES;
				CLANG_WARN_SUSPICIOUS_MOVE = YES;
				CLANG_WARN_UNGUARDED_AVAILABILITY = YES_AGGRESSIVE;
				CLANG_WARN_UNREACHABLE_CODE = YES;
				CLANG_WARN__DUPLICATE_METHOD_MATCH = YES;
				COPY_PHASE_STRIP = NO;
				DEBUG_INFORMATION_FORMAT = dwarf;
				ENABLE_STRICT_OBJC_MSGSEND = YES;
				ENABLE_TESTABILITY = YES;
				GCC_C_LANGUAGE_STANDARD = gnu11;
				GCC_DYNAMIC_NO_PIC = NO;
				GCC_NO_COMMON_BLOCKS = YES;
				GCC_OPTIMIZATION_LEVEL = 0;
				GCC_PREPROCESSOR_DEFINITIONS = (
					"DEBUG=1",
					"$(inherited)",
				);
				GCC_WARN_64_TO_32_BIT_CONVERSION = YES;
				GCC_WARN_ABOUT_RETURN_TYPE = YES_ERROR;
				GCC_WARN_UNDECLARED_SELECTOR = YES;
				GCC_WARN_UNINITIALIZED_AUTOS = YES_AGGRESSIVE;
				GCC_WARN_UNUSED_FUNCTION = YES;
				GCC_WARN_UNUSED_VARIABLE = YES;
				IPHONEOS_DEPLOYMENT_TARGET = 16.2;
				MTL_ENABLE_DEBUG_INFO = INCLUDE_SOURCE;
				MTL_FAST_MATH = YES;
				ONLY_ACTIVE_ARCH = YES;
				SDKROOT = iphoneos;
				SWIFT_ACTIVE_COMPILATION_CONDITIONS = DEBUG;
				SWIFT_OPTIMIZATION_LEVEL = "-Onone";
			};
			name = Debug;
		};
		43AF0A7129C909540032A3F0 /* Release */ = {
			isa = XCBuildConfiguration;
			buildSettings = {
				ALWAYS_SEARCH_USER_PATHS = NO;
				CLANG_ANALYZER_NONNULL = YES;
				CLANG_ANALYZER_NUMBER_OBJECT_CONVERSION = YES_AGGRESSIVE;
				CLANG_CXX_LANGUAGE_STANDARD = "gnu++20";
				CLANG_ENABLE_MODULES = YES;
				CLANG_ENABLE_OBJC_ARC = YES;
				CLANG_ENABLE_OBJC_WEAK = YES;
				CLANG_WARN_BLOCK_CAPTURE_AUTORELEASING = YES;
				CLANG_WARN_BOOL_CONVERSION = YES;
				CLANG_WARN_COMMA = YES;
				CLANG_WARN_CONSTANT_CONVERSION = YES;
				CLANG_WARN_DEPRECATED_OBJC_IMPLEMENTATIONS = YES;
				CLANG_WARN_DIRECT_OBJC_ISA_USAGE = YES_ERROR;
				CLANG_WARN_DOCUMENTATION_COMMENTS = YES;
				CLANG_WARN_EMPTY_BODY = YES;
				CLANG_WARN_ENUM_CONVERSION = YES;
				CLANG_WARN_INFINITE_RECURSION = YES;
				CLANG_WARN_INT_CONVERSION = YES;
				CLANG_WARN_NON_LITERAL_NULL_CONVERSION = YES;
				CLANG_WARN_OBJC_IMPLICIT_RETAIN_SELF = YES;
				CLANG_WARN_OBJC_LITERAL_CONVERSION = YES;
				CLANG_WARN_OBJC_ROOT_CLASS = YES_ERROR;
				CLANG_WARN_QUOTED_INCLUDE_IN_FRAMEWORK_HEADER = YES;
				CLANG_WARN_RANGE_LOOP_ANALYSIS = YES;
				CLANG_WARN_STRICT_PROTOTYPES = YES;
				CLANG_WARN_SUSPICIOUS_MOVE = YES;
				CLANG_WARN_UNGUARDED_AVAILABILITY = YES_AGGRESSIVE;
				CLANG_WARN_UNREACHABLE_CODE = YES;
				CLANG_WARN__DUPLICATE_METHOD_MATCH = YES;
				COPY_PHASE_STRIP = NO;
				DEBUG_INFORMATION_FORMAT = "dwarf-with-dsym";
				ENABLE_NS_ASSERTIONS = NO;
				ENABLE_STRICT_OBJC_MSGSEND = YES;
				GCC_C_LANGUAGE_STANDARD = gnu11;
				GCC_NO_COMMON_BLOCKS = YES;
				GCC_WARN_64_TO_32_BIT_CONVERSION = YES;
				GCC_WARN_ABOUT_RETURN_TYPE = YES_ERROR;
				GCC_WARN_UNDECLARED_SELECTOR = YES;
				GCC_WARN_UNINITIALIZED_AUTOS = YES_AGGRESSIVE;
				GCC_WARN_UNUSED_FUNCTION = YES;
				GCC_WARN_UNUSED_VARIABLE = YES;
				IPHONEOS_DEPLOYMENT_TARGET = 16.2;
				MTL_ENABLE_DEBUG_INFO = NO;
				MTL_FAST_MATH = YES;
				SDKROOT = iphoneos;
				SWIFT_COMPILATION_MODE = wholemodule;
				SWIFT_OPTIMIZATION_LEVEL = "-O";
				VALIDATE_PRODUCT = YES;
			};
			name = Release;
		};
		43AF0A7329C909540032A3F0 /* Debug */ = {
			isa = XCBuildConfiguration;
			buildSettings = {
				ASSETCATALOG_COMPILER_APPICON_NAME = AppIcon;
				ASSETCATALOG_COMPILER_GLOBAL_ACCENT_COLOR_NAME = AccentColor;
				CODE_SIGN_STYLE = Automatic;
				CURRENT_PROJECT_VERSION = 1;
				DEVELOPMENT_ASSET_PATHS = "\"Skywire/Preview Content\"";
				DEVELOPMENT_TEAM = 4U9P35TVXY;
				ENABLE_PREVIEWS = YES;
				GENERATE_INFOPLIST_FILE = YES;
				INFOPLIST_FILE = Skywire/Info.plist;
				INFOPLIST_KEY_CFBundleDisplayName = "Skywire for Aviation";
				INFOPLIST_KEY_LSApplicationCategoryType = "public.app-category.utilities";
				INFOPLIST_KEY_LSSupportsOpeningDocumentsInPlace = YES;
				INFOPLIST_KEY_NSLocationAlwaysAndWhenInUseUsageDescription = "This way Skywire app can track your flight data.";
				INFOPLIST_KEY_NSLocationUsageDescription = "This way Skywire app can track your flight data.";
				INFOPLIST_KEY_NSLocationWhenInUseUsageDescription = "This way Skywire app can track your flight data.";
				INFOPLIST_KEY_UIApplicationSupportsIndirectInputEvents = YES;
				INFOPLIST_KEY_UILaunchScreen_Generation = YES;
				INFOPLIST_KEY_UISupportedInterfaceOrientations = UIInterfaceOrientationPortrait;
				LD_RUNPATH_SEARCH_PATHS = (
					"$(inherited)",
					"@executable_path/Frameworks",
				);
				MARKETING_VERSION = 0.1;
				PRODUCT_BUNDLE_IDENTIFIER = org.creativesoftwarekamilkuczaj.SkywireForAviation;
				PRODUCT_NAME = "$(TARGET_NAME)";
				SWIFT_EMIT_LOC_STRINGS = YES;
				SWIFT_VERSION = 5.0;
				TARGETED_DEVICE_FAMILY = "1,2";
			};
			name = Debug;
		};
		43AF0A7429C909540032A3F0 /* Release */ = {
			isa = XCBuildConfiguration;
			buildSettings = {
				ASSETCATALOG_COMPILER_APPICON_NAME = AppIcon;
				ASSETCATALOG_COMPILER_GLOBAL_ACCENT_COLOR_NAME = AccentColor;
				CODE_SIGN_STYLE = Automatic;
				CURRENT_PROJECT_VERSION = 1;
				DEVELOPMENT_ASSET_PATHS = "\"Skywire/Preview Content\"";
				DEVELOPMENT_TEAM = 4U9P35TVXY;
				ENABLE_PREVIEWS = YES;
				GENERATE_INFOPLIST_FILE = YES;
				INFOPLIST_FILE = Skywire/Info.plist;
				INFOPLIST_KEY_CFBundleDisplayName = "Skywire for Aviation";
				INFOPLIST_KEY_LSApplicationCategoryType = "public.app-category.utilities";
				INFOPLIST_KEY_LSSupportsOpeningDocumentsInPlace = YES;
				INFOPLIST_KEY_NSLocationAlwaysAndWhenInUseUsageDescription = "This way Skywire app can track your flight data.";
				INFOPLIST_KEY_NSLocationUsageDescription = "This way Skywire app can track your flight data.";
				INFOPLIST_KEY_NSLocationWhenInUseUsageDescription = "This way Skywire app can track your flight data.";
				INFOPLIST_KEY_UIApplicationSupportsIndirectInputEvents = YES;
				INFOPLIST_KEY_UILaunchScreen_Generation = YES;
				INFOPLIST_KEY_UISupportedInterfaceOrientations = UIInterfaceOrientationPortrait;
				LD_RUNPATH_SEARCH_PATHS = (
					"$(inherited)",
					"@executable_path/Frameworks",
				);
				MARKETING_VERSION = 0.1;
				PRODUCT_BUNDLE_IDENTIFIER = org.creativesoftwarekamilkuczaj.SkywireForAviation;
				PRODUCT_NAME = "$(TARGET_NAME)";
				SWIFT_EMIT_LOC_STRINGS = YES;
				SWIFT_VERSION = 5.0;
				TARGETED_DEVICE_FAMILY = "1,2";
			};
			name = Release;
		};
		43AF0A7629C909540032A3F0 /* Debug */ = {
			isa = XCBuildConfiguration;
			buildSettings = {
				ALWAYS_EMBED_SWIFT_STANDARD_LIBRARIES = YES;
				BUNDLE_LOADER = "$(TEST_HOST)";
				CODE_SIGN_STYLE = Automatic;
				CURRENT_PROJECT_VERSION = 1;
				DEVELOPMENT_TEAM = 4U9P35TVXY;
				GENERATE_INFOPLIST_FILE = YES;
				IPHONEOS_DEPLOYMENT_TARGET = 16.2;
				MARKETING_VERSION = 1.0;
				PRODUCT_BUNDLE_IDENTIFIER = com.example.learning.SkywireTests;
				PRODUCT_NAME = "$(TARGET_NAME)";
				SWIFT_EMIT_LOC_STRINGS = NO;
				SWIFT_VERSION = 5.0;
				TARGETED_DEVICE_FAMILY = "1,2";
				TEST_HOST = "$(BUILT_PRODUCTS_DIR)/Skywire.app/$(BUNDLE_EXECUTABLE_FOLDER_PATH)/Skywire";
			};
			name = Debug;
		};
		43AF0A7729C909540032A3F0 /* Release */ = {
			isa = XCBuildConfiguration;
			buildSettings = {
				ALWAYS_EMBED_SWIFT_STANDARD_LIBRARIES = YES;
				BUNDLE_LOADER = "$(TEST_HOST)";
				CODE_SIGN_STYLE = Automatic;
				CURRENT_PROJECT_VERSION = 1;
				DEVELOPMENT_TEAM = 4U9P35TVXY;
				GENERATE_INFOPLIST_FILE = YES;
				IPHONEOS_DEPLOYMENT_TARGET = 16.2;
				MARKETING_VERSION = 1.0;
				PRODUCT_BUNDLE_IDENTIFIER = com.example.learning.SkywireTests;
				PRODUCT_NAME = "$(TARGET_NAME)";
				SWIFT_EMIT_LOC_STRINGS = NO;
				SWIFT_VERSION = 5.0;
				TARGETED_DEVICE_FAMILY = "1,2";
				TEST_HOST = "$(BUILT_PRODUCTS_DIR)/Skywire.app/$(BUNDLE_EXECUTABLE_FOLDER_PATH)/Skywire";
			};
			name = Release;
		};
		43AF0A7929C909540032A3F0 /* Debug */ = {
			isa = XCBuildConfiguration;
			buildSettings = {
				ALWAYS_EMBED_SWIFT_STANDARD_LIBRARIES = YES;
				CODE_SIGN_STYLE = Automatic;
				CURRENT_PROJECT_VERSION = 1;
				DEVELOPMENT_TEAM = 4U9P35TVXY;
				GENERATE_INFOPLIST_FILE = YES;
				MARKETING_VERSION = 1.0;
				PRODUCT_BUNDLE_IDENTIFIER = com.example.learning.SkywireUITests;
				PRODUCT_NAME = "$(TARGET_NAME)";
				SWIFT_EMIT_LOC_STRINGS = NO;
				SWIFT_VERSION = 5.0;
				TARGETED_DEVICE_FAMILY = "1,2";
				TEST_TARGET_NAME = Skywire;
			};
			name = Debug;
		};
		43AF0A7A29C909540032A3F0 /* Release */ = {
			isa = XCBuildConfiguration;
			buildSettings = {
				ALWAYS_EMBED_SWIFT_STANDARD_LIBRARIES = YES;
				CODE_SIGN_STYLE = Automatic;
				CURRENT_PROJECT_VERSION = 1;
				DEVELOPMENT_TEAM = 4U9P35TVXY;
				GENERATE_INFOPLIST_FILE = YES;
				MARKETING_VERSION = 1.0;
				PRODUCT_BUNDLE_IDENTIFIER = com.example.learning.SkywireUITests;
				PRODUCT_NAME = "$(TARGET_NAME)";
				SWIFT_EMIT_LOC_STRINGS = NO;
				SWIFT_VERSION = 5.0;
				TARGETED_DEVICE_FAMILY = "1,2";
				TEST_TARGET_NAME = Skywire;
			};
			name = Release;
		};
/* End XCBuildConfiguration section */

/* Begin XCConfigurationList section */
		43AF0A4929C909520032A3F0 /* Build configuration list for PBXProject "Skywire" */ = {
			isa = XCConfigurationList;
			buildConfigurations = (
				43AF0A7029C909540032A3F0 /* Debug */,
				43AF0A7129C909540032A3F0 /* Release */,
			);
			defaultConfigurationIsVisible = 0;
			defaultConfigurationName = Release;
		};
		43AF0A7229C909540032A3F0 /* Build configuration list for PBXNativeTarget "Skywire" */ = {
			isa = XCConfigurationList;
			buildConfigurations = (
				43AF0A7329C909540032A3F0 /* Debug */,
				43AF0A7429C909540032A3F0 /* Release */,
			);
			defaultConfigurationIsVisible = 0;
			defaultConfigurationName = Release;
		};
		43AF0A7529C909540032A3F0 /* Build configuration list for PBXNativeTarget "SkywireTests" */ = {
			isa = XCConfigurationList;
			buildConfigurations = (
				43AF0A7629C909540032A3F0 /* Debug */,
				43AF0A7729C909540032A3F0 /* Release */,
			);
			defaultConfigurationIsVisible = 0;
			defaultConfigurationName = Release;
		};
		43AF0A7829C909540032A3F0 /* Build configuration list for PBXNativeTarget "SkywireUITests" */ = {
			isa = XCConfigurationList;
			buildConfigurations = (
				43AF0A7929C909540032A3F0 /* Debug */,
				43AF0A7A29C909540032A3F0 /* Release */,
			);
			defaultConfigurationIsVisible = 0;
			defaultConfigurationName = Release;
		};
/* End XCConfigurationList section */
	};
	rootObject = 43AF0A4629C909520032A3F0 /* Project object */;
}
